
Microsoft Visual Studio Solution File, Format Version 12.00
# Visual Studio Version 17
VisualStudioVersion = 17.9.34616.47
MinimumVisualStudioVersion = 10.0.40219.1
Project("{2150E333-8FDC-42A3-9474-1A3956D46DE8}") = "1. API", "1. API", "{03E89700-99DD-4F10-B169-6EC2D7D95895}"
EndProject
Project("{2150E333-8FDC-42A3-9474-1A3956D46DE8}") = "2. Application", "2. Application", "{E492C849-02F0-4E33-97DC-B4F709030579}"
EndProject
Project("{2150E333-8FDC-42A3-9474-1A3956D46DE8}") = "3. Domain", "3. Domain", "{BC4BEAD7-D933-4794-980A-064B9B1E7F96}"
EndProject
Project("{2150E333-8FDC-42A3-9474-1A3956D46DE8}") = "4. Infra", "4. Infra", "{BED49EE0-D2B7-423B-8AF1-FC726635FBC4}"
EndProject
Project("{9A19103F-16F7-4668-BE54-9A1E7A4F7556}") = "HotelProject.Api", "HotelProject.Api\HotelProject.Api.csproj", "{2852A27D-1D32-42B2-B7D7-B5DCBF7B1F2C}"
EndProject
Project("{9A19103F-16F7-4668-BE54-9A1E7A4F7556}") = "HotelProject.Application", "HoteProject.Application\HotelProject.Application.csproj", "{C517F3ED-AAA4-40A4-80ED-CACEB1CC7CDD}"
EndProject
Project("{9A19103F-16F7-4668-BE54-9A1E7A4F7556}") = "HotelProject.Domain", "HotelProject.Domain\HotelProject.Domain.csproj", "{A474FD63-CB24-42AE-AFD1-C73437E29E31}"
EndProject
Project("{9A19103F-16F7-4668-BE54-9A1E7A4F7556}") = "HotelProject.Infra.Context", "HotelProject.Infra.Context\HotelProject.Infra.Context.csproj", "{84561B50-76D6-4751-8ED2-88C7D1D2B60F}"
EndProject
Project("{9A19103F-16F7-4668-BE54-9A1E7A4F7556}") = "HotelProject.Infra.IoC", "HotelProject.Infra.IoC\HotelProject.Infra.IoC.csproj", "{962CBCF5-E2DD-4A38-9F74-8029B94AF39E}"
EndProject
Project("{9A19103F-16F7-4668-BE54-9A1E7A4F7556}") = "HotelProject.Infra.Repository", "HotelProject.Infra.Repository\HotelProject.Infra.Repository.csproj", "{D40D800F-F842-4A82-A008-9A5B0BB7B5C9}"
EndProject
Project("{2150E333-8FDC-42A3-9474-1A3956D46DE8}") = "5. Data", "5. Data", "{B393C832-A385-4E77-B360-73DDCB6368E7}"
EndProject
Project("{FAE04EC0-301F-11D3-BF4B-00C04F79EFBC}") = "HotelProject.Data", "HotelProject.Data\HotelProject.Data.csproj", "{43ACDC79-2928-4367-B42C-E699FBE8087C}"
EndProject
Global
	GlobalSection(SolutionConfigurationPlatforms) = preSolution
		Debug|Any CPU = Debug|Any CPU
		Release|Any CPU = Release|Any CPU
	EndGlobalSection
	GlobalSection(ProjectConfigurationPlatforms) = postSolution
		{2852A27D-1D32-42B2-B7D7-B5DCBF7B1F2C}.Debug|Any CPU.ActiveCfg = Debug|Any CPU
		{2852A27D-1D32-42B2-B7D7-B5DCBF7B1F2C}.Debug|Any CPU.Build.0 = Debug|Any CPU
		{2852A27D-1D32-42B2-B7D7-B5DCBF7B1F2C}.Release|Any CPU.ActiveCfg = Release|Any CPU
		{2852A27D-1D32-42B2-B7D7-B5DCBF7B1F2C}.Release|Any CPU.Build.0 = Release|Any CPU
		{C517F3ED-AAA4-40A4-80ED-CACEB1CC7CDD}.Debug|Any CPU.ActiveCfg = Debug|Any CPU
		{C517F3ED-AAA4-40A4-80ED-CACEB1CC7CDD}.Debug|Any CPU.Build.0 = Debug|Any CPU
		{C517F3ED-AAA4-40A4-80ED-CACEB1CC7CDD}.Release|Any CPU.ActiveCfg = Release|Any CPU
		{C517F3ED-AAA4-40A4-80ED-CACEB1CC7CDD}.Release|Any CPU.Build.0 = Release|Any CPU
		{A474FD63-CB24-42AE-AFD1-C73437E29E31}.Debug|Any CPU.ActiveCfg = Debug|Any CPU
		{A474FD63-CB24-42AE-AFD1-C73437E29E31}.Debug|Any CPU.Build.0 = Debug|Any CPU
		{A474FD63-CB24-42AE-AFD1-C73437E29E31}.Release|Any CPU.ActiveCfg = Release|Any CPU
		{A474FD63-CB24-42AE-AFD1-C73437E29E31}.Release|Any CPU.Build.0 = Release|Any CPU
		{84561B50-76D6-4751-8ED2-88C7D1D2B60F}.Debug|Any CPU.ActiveCfg = Debug|Any CPU
		{84561B50-76D6-4751-8ED2-88C7D1D2B60F}.Debug|Any CPU.Build.0 = Debug|Any CPU
		{84561B50-76D6-4751-8ED2-88C7D1D2B60F}.Release|Any CPU.ActiveCfg = Release|Any CPU
		{84561B50-76D6-4751-8ED2-88C7D1D2B60F}.Release|Any CPU.Build.0 = Release|Any CPU
		{962CBCF5-E2DD-4A38-9F74-8029B94AF39E}.Debug|Any CPU.ActiveCfg = Debug|Any CPU
		{962CBCF5-E2DD-4A38-9F74-8029B94AF39E}.Debug|Any CPU.Build.0 = Debug|Any CPU
		{962CBCF5-E2DD-4A38-9F74-8029B94AF39E}.Release|Any CPU.ActiveCfg = Release|Any CPU
		{962CBCF5-E2DD-4A38-9F74-8029B94AF39E}.Release|Any CPU.Build.0 = Release|Any CPU
		{D40D800F-F842-4A82-A008-9A5B0BB7B5C9}.Debug|Any CPU.ActiveCfg = Debug|Any CPU
		{D40D800F-F842-4A82-A008-9A5B0BB7B5C9}.Debug|Any CPU.Build.0 = Debug|Any CPU
		{D40D800F-F842-4A82-A008-9A5B0BB7B5C9}.Release|Any CPU.ActiveCfg = Release|Any CPU
		{D40D800F-F842-4A82-A008-9A5B0BB7B5C9}.Release|Any CPU.Build.0 = Release|Any CPU
		{43ACDC79-2928-4367-B42C-E699FBE8087C}.Debug|Any CPU.ActiveCfg = Debug|Any CPU
		{43ACDC79-2928-4367-B42C-E699FBE8087C}.Debug|Any CPU.Build.0 = Debug|Any CPU
		{43ACDC79-2928-4367-B42C-E699FBE8087C}.Release|Any CPU.ActiveCfg = Release|Any CPU
		{43ACDC79-2928-4367-B42C-E699FBE8087C}.Release|Any CPU.Build.0 = Release|Any CPU
	EndGlobalSection
	GlobalSection(SolutionProperties) = preSolution
		HideSolutionNode = FALSE
	EndGlobalSection
	GlobalSection(NestedProjects) = preSolution
		{2852A27D-1D32-42B2-B7D7-B5DCBF7B1F2C} = {03E89700-99DD-4F10-B169-6EC2D7D95895}
		{C517F3ED-AAA4-40A4-80ED-CACEB1CC7CDD} = {E492C849-02F0-4E33-97DC-B4F709030579}
		{A474FD63-CB24-42AE-AFD1-C73437E29E31} = {BC4BEAD7-D933-4794-980A-064B9B1E7F96}
		{84561B50-76D6-4751-8ED2-88C7D1D2B60F} = {BED49EE0-D2B7-423B-8AF1-FC726635FBC4}
		{962CBCF5-E2DD-4A38-9F74-8029B94AF39E} = {BED49EE0-D2B7-423B-8AF1-FC726635FBC4}
		{D40D800F-F842-4A82-A008-9A5B0BB7B5C9} = {BED49EE0-D2B7-423B-8AF1-FC726635FBC4}
		{43ACDC79-2928-4367-B42C-E699FBE8087C} = {B393C832-A385-4E77-B360-73DDCB6368E7}
	EndGlobalSection
	GlobalSection(ExtensibilityGlobals) = postSolution
		SolutionGuid = {48E44D47-DB3F-4034-9C5B-6E397BDA2C64}
	EndGlobalSection
EndGlobal
